
Microsoft Visual Studio Solution File, Format Version 12.00
# Visual Studio Version 16
VisualStudioVersion = 16.0.31112.23
MinimumVisualStudioVersion = 10.0.40219.1
Project("{FAE04EC0-301F-11D3-BF4B-00C04F79EFBC}") = "Util", "Util\Util.csproj", "{98FDDB4A-3D1D-4564-84CB-71C24B979E69}"
EndProject
Project("{FAE04EC0-301F-11D3-BF4B-00C04F79EFBC}") = "Windows", "Windows\Windows.csproj", "{6A20AB64-9F7F-4961-81DB-E425B56623FD}"
EndProject
Project("{FAE04EC0-301F-11D3-BF4B-00C04F79EFBC}") = "Console", "Console\Console.csproj", "{A373EF0C-A67C-4E0C-8D4B-7277201A05A9}"
EndProject
Project("{FAE04EC0-301F-11D3-BF4B-00C04F79EFBC}") = "Web", "Web\Web.csproj", "{141E34C6-FB87-4FD2-814C-FA7E8791037D}"
EndProject
Global
	GlobalSection(SolutionConfigurationPlatforms) = preSolution
		Debug|Any CPU = Debug|Any CPU
		Release|Any CPU = Release|Any CPU
	EndGlobalSection
	GlobalSection(ProjectConfigurationPlatforms) = postSolution
		{98FDDB4A-3D1D-4564-84CB-71C24B979E69}.Debug|Any CPU.ActiveCfg = Debug|Any CPU
		{98FDDB4A-3D1D-4564-84CB-71C24B979E69}.Debug|Any CPU.Build.0 = Debug|Any CPU
		{98FDDB4A-3D1D-4564-84CB-71C24B979E69}.Release|Any CPU.ActiveCfg = Release|Any CPU
		{98FDDB4A-3D1D-4564-84CB-71C24B979E69}.Release|Any CPU.Build.0 = Release|Any CPU
		{6A20AB64-9F7F-4961-81DB-E425B56623FD}.Debug|Any CPU.ActiveCfg = Debug|Any CPU
		{6A20AB64-9F7F-4961-81DB-E425B56623FD}.Debug|Any CPU.Build.0 = Debug|Any CPU
		{6A20AB64-9F7F-4961-81DB-E425B56623FD}.Release|Any CPU.ActiveCfg = Release|Any CPU
		{6A20AB64-9F7F-4961-81DB-E425B56623FD}.Release|Any CPU.Build.0 = Release|Any CPU
		{A373EF0C-A67C-4E0C-8D4B-7277201A05A9}.Debug|Any CPU.ActiveCfg = Debug|Any CPU
		{A373EF0C-A67C-4E0C-8D4B-7277201A05A9}.Debug|Any CPU.Build.0 = Debug|Any CPU
		{A373EF0C-A67C-4E0C-8D4B-7277201A05A9}.Release|Any CPU.ActiveCfg = Release|Any CPU
		{A373EF0C-A67C-4E0C-8D4B-7277201A05A9}.Release|Any CPU.Build.0 = Release|Any CPU
		{141E34C6-FB87-4FD2-814C-FA7E8791037D}.Debug|Any CPU.ActiveCfg = Debug|Any CPU
		{141E34C6-FB87-4FD2-814C-FA7E8791037D}.Debug|Any CPU.Build.0 = Debug|Any CPU
		{141E34C6-FB87-4FD2-814C-FA7E8791037D}.Release|Any CPU.ActiveCfg = Release|Any CPU
		{141E34C6-FB87-4FD2-814C-FA7E8791037D}.Release|Any CPU.Build.0 = Release|Any CPU
	EndGlobalSection
	GlobalSection(SolutionProperties) = preSolution
		HideSolutionNode = FALSE
	EndGlobalSection
	GlobalSection(ExtensibilityGlobals) = postSolution
		SolutionGuid = {484877EF-A7E7-48F5-8C72-8667FE6A80AC}
	EndGlobalSection
EndGlobal
